
Microsoft Visual Studio Solution File, Format Version 12.00
# Visual Studio Version 17
VisualStudioVersion = 17.9.34616.47
MinimumVisualStudioVersion = 10.0.40219.1
Project("{FAE04EC0-301F-11D3-BF4B-00C04F79EFBC}") = "CalculatorApplication", "CalculatorApplication.csproj", "{4713ACAC-F903-456F-BCB6-5FB76EE97FAE}"
EndProject
Project("{FAE04EC0-301F-11D3-BF4B-00C04F79EFBC}") = "CalculatorTests", "..\CalculatorTests\CalculatorTests.csproj", "{8BDBD441-2754-414F-90D4-ED5EC04F83B1}"
EndProject
Global
	GlobalSection(SolutionConfigurationPlatforms) = preSolution
		Debug|Any CPU = Debug|Any CPU
		Release|Any CPU = Release|Any CPU
	EndGlobalSection
	GlobalSection(ProjectConfigurationPlatforms) = postSolution
		{4713ACAC-F903-456F-BCB6-5FB76EE97FAE}.Debug|Any CPU.ActiveCfg = Debug|Any CPU
		{4713ACAC-F903-456F-BCB6-5FB76EE97FAE}.Debug|Any CPU.Build.0 = Debug|Any CPU
		{4713ACAC-F903-456F-BCB6-5FB76EE97FAE}.Release|Any CPU.ActiveCfg = Release|Any CPU
		{4713ACAC-F903-456F-BCB6-5FB76EE97FAE}.Release|Any CPU.Build.0 = Release|Any CPU
		{8BDBD441-2754-414F-90D4-ED5EC04F83B1}.Debug|Any CPU.ActiveCfg = Debug|Any CPU
		{8BDBD441-2754-414F-90D4-ED5EC04F83B1}.Debug|Any CPU.Build.0 = Debug|Any CPU
		{8BDBD441-2754-414F-90D4-ED5EC04F83B1}.Release|Any CPU.ActiveCfg = Release|Any CPU
		{8BDBD441-2754-414F-90D4-ED5EC04F83B1}.Release|Any CPU.Build.0 = Release|Any CPU
	EndGlobalSection
	GlobalSection(SolutionProperties) = preSolution
		HideSolutionNode = FALSE
	EndGlobalSection
	GlobalSection(ExtensibilityGlobals) = postSolution
		SolutionGuid = {F9EF625F-AA79-4055-BBD3-A9A440F00411}
	EndGlobalSection
EndGlobal
